
Microsoft Visual Studio Solution File, Format Version 12.00
# Visual Studio Version 16
VisualStudioVersion = 16.0.30204.135
MinimumVisualStudioVersion = 10.0.40219.1
Project("{FAE04EC0-301F-11D3-BF4B-00C04F79EFBC}") = "Zadanie1", "Zadanie1\Zadanie1.csproj", "{7075DBF6-3563-46B3-805F-2FC70A07A7F0}"
EndProject
Project("{FAE04EC0-301F-11D3-BF4B-00C04F79EFBC}") = "Zadanie2", "Zadanie2\Zadanie2.csproj", "{AFFFCE28-DF94-4F29-8732-3FE097A5B4F9}"
EndProject
Project("{FAE04EC0-301F-11D3-BF4B-00C04F79EFBC}") = "Zadanie3", "Zadanie3\Zadanie3.csproj", "{4CE7E31A-E0E6-4BE2-B36B-1A8C5CBFA28B}"
EndProject
Global
	GlobalSection(SolutionConfigurationPlatforms) = preSolution
		Debug|Any CPU = Debug|Any CPU
		Release|Any CPU = Release|Any CPU
	EndGlobalSection
	GlobalSection(ProjectConfigurationPlatforms) = postSolution
		{7075DBF6-3563-46B3-805F-2FC70A07A7F0}.Debug|Any CPU.ActiveCfg = Debug|Any CPU
		{7075DBF6-3563-46B3-805F-2FC70A07A7F0}.Debug|Any CPU.Build.0 = Debug|Any CPU
		{7075DBF6-3563-46B3-805F-2FC70A07A7F0}.Release|Any CPU.ActiveCfg = Release|Any CPU
		{7075DBF6-3563-46B3-805F-2FC70A07A7F0}.Release|Any CPU.Build.0 = Release|Any CPU
		{AFFFCE28-DF94-4F29-8732-3FE097A5B4F9}.Debug|Any CPU.ActiveCfg = Debug|Any CPU
		{AFFFCE28-DF94-4F29-8732-3FE097A5B4F9}.Debug|Any CPU.Build.0 = Debug|Any CPU
		{AFFFCE28-DF94-4F29-8732-3FE097A5B4F9}.Release|Any CPU.ActiveCfg = Release|Any CPU
		{AFFFCE28-DF94-4F29-8732-3FE097A5B4F9}.Release|Any CPU.Build.0 = Release|Any CPU
		{4CE7E31A-E0E6-4BE2-B36B-1A8C5CBFA28B}.Debug|Any CPU.ActiveCfg = Debug|Any CPU
		{4CE7E31A-E0E6-4BE2-B36B-1A8C5CBFA28B}.Debug|Any CPU.Build.0 = Debug|Any CPU
		{4CE7E31A-E0E6-4BE2-B36B-1A8C5CBFA28B}.Release|Any CPU.ActiveCfg = Release|Any CPU
		{4CE7E31A-E0E6-4BE2-B36B-1A8C5CBFA28B}.Release|Any CPU.Build.0 = Release|Any CPU
	EndGlobalSection
	GlobalSection(SolutionProperties) = preSolution
		HideSolutionNode = FALSE
	EndGlobalSection
	GlobalSection(ExtensibilityGlobals) = postSolution
		SolutionGuid = {924F5DE5-B312-4620-8583-151BAAB44010}
	EndGlobalSection
EndGlobal
